
Microsoft Visual Studio Solution File, Format Version 12.00
# Visual Studio Version 17
VisualStudioVersion = 17.5.2.0
MinimumVisualStudioVersion = 10.0.40219.1
Project("{FAE04EC0-301F-11D3-BF4B-00C04F79EFBC}") = "SmartSpendAI", "SmartSpendAI.csproj", "{2E20BF91-7983-E491-F956-B9DA8FCF0698}"
EndProject
Project("{FAE04EC0-301F-11D3-BF4B-00C04F79EFBC}") = "SmartSpendAI.Tests", "SmartSpendAI.Tests\SmartSpendAI.Tests.csproj", "{13C6742E-5B6B-4396-9B52-670E7F859F27}"
EndProject
Global
	GlobalSection(SolutionConfigurationPlatforms) = preSolution
		Debug|Any CPU = Debug|Any CPU
		Debug|x64 = Debug|x64
		Debug|x86 = Debug|x86
		Release|Any CPU = Release|Any CPU
		Release|x64 = Release|x64
		Release|x86 = Release|x86
	EndGlobalSection
	GlobalSection(ProjectConfigurationPlatforms) = postSolution
		{2E20BF91-7983-E491-F956-B9DA8FCF0698}.Debug|Any CPU.ActiveCfg = Debug|Any CPU
		{2E20BF91-7983-E491-F956-B9DA8FCF0698}.Debug|Any CPU.Build.0 = Debug|Any CPU
		{2E20BF91-7983-E491-F956-B9DA8FCF0698}.Debug|x64.ActiveCfg = Debug|Any CPU
		{2E20BF91-7983-E491-F956-B9DA8FCF0698}.Debug|x64.Build.0 = Debug|Any CPU
		{2E20BF91-7983-E491-F956-B9DA8FCF0698}.Debug|x86.ActiveCfg = Debug|Any CPU
		{2E20BF91-7983-E491-F956-B9DA8FCF0698}.Debug|x86.Build.0 = Debug|Any CPU
		{2E20BF91-7983-E491-F956-B9DA8FCF0698}.Release|Any CPU.ActiveCfg = Release|Any CPU
		{2E20BF91-7983-E491-F956-B9DA8FCF0698}.Release|Any CPU.Build.0 = Release|Any CPU
		{2E20BF91-7983-E491-F956-B9DA8FCF0698}.Release|x64.ActiveCfg = Release|Any CPU
		{2E20BF91-7983-E491-F956-B9DA8FCF0698}.Release|x64.Build.0 = Release|Any CPU
		{2E20BF91-7983-E491-F956-B9DA8FCF0698}.Release|x86.ActiveCfg = Release|Any CPU
		{2E20BF91-7983-E491-F956-B9DA8FCF0698}.Release|x86.Build.0 = Release|Any CPU
		{13C6742E-5B6B-4396-9B52-670E7F859F27}.Debug|Any CPU.ActiveCfg = Debug|Any CPU
		{13C6742E-5B6B-4396-9B52-670E7F859F27}.Debug|Any CPU.Build.0 = Debug|Any CPU
		{13C6742E-5B6B-4396-9B52-670E7F859F27}.Debug|x64.ActiveCfg = Debug|Any CPU
		{13C6742E-5B6B-4396-9B52-670E7F859F27}.Debug|x64.Build.0 = Debug|Any CPU
		{13C6742E-5B6B-4396-9B52-670E7F859F27}.Debug|x86.ActiveCfg = Debug|Any CPU
		{13C6742E-5B6B-4396-9B52-670E7F859F27}.Debug|x86.Build.0 = Debug|Any CPU
		{13C6742E-5B6B-4396-9B52-670E7F859F27}.Release|Any CPU.ActiveCfg = Release|Any CPU
		{13C6742E-5B6B-4396-9B52-670E7F859F27}.Release|Any CPU.Build.0 = Release|Any CPU
		{13C6742E-5B6B-4396-9B52-670E7F859F27}.Release|x64.ActiveCfg = Release|Any CPU
		{13C6742E-5B6B-4396-9B52-670E7F859F27}.Release|x64.Build.0 = Release|Any CPU
		{13C6742E-5B6B-4396-9B52-670E7F859F27}.Release|x86.ActiveCfg = Release|Any CPU
		{13C6742E-5B6B-4396-9B52-670E7F859F27}.Release|x86.Build.0 = Release|Any CPU
	EndGlobalSection
	GlobalSection(SolutionProperties) = preSolution
		HideSolutionNode = FALSE
	EndGlobalSection
	GlobalSection(ExtensibilityGlobals) = postSolution
		SolutionGuid = {E3971EE5-7343-40BA-9504-B95922D0C65F}
	EndGlobalSection
EndGlobal
